<?xml version="1.0" encoding="utf-8"?>
<Project ToolsVersion="4.0" xmlns="http://schemas.microsoft.com/developer/msbuild/2003">
  <ItemGroup>
    <Filter Include="Source Files">
      <UniqueIdentifier>{4FC737F1-C7A5-4376-A066-2A32D752A2FF}</UniqueIdentifier>
      <Extensions>cpp;c;cc;cxx;c++;cppm;ixx;def;odl;idl;hpj;bat;asm;asmx</Extensions>
    </Filter>
    <Filter Include="Header Files">
      <UniqueIdentifier>{93995380-89BD-4b04-88EB-625FBE52EBFB}</UniqueIdentifier>
      <Extensions>h;hh;hpp;hxx;h++;hm;inl;inc;ipp;xsd</Extensions>
    </Filter>
    <Filter Include="Resource Files">
      <UniqueIdentifier>{67DA6AB6-F800-4c08-8B7A-83BB121AAD01}</UniqueIdentifier>
      <Extensions>rc;ico;cur;bmp;dlg;rc2;rct;bin;rgs;gif;jpg;jpeg;jpe;resx;tiff;tif;png;wav;mfcribbon-ms</Extensions>
    </Filter>
  </ItemGroup>
  <ItemGroup>
    <ClInclude Include="Effects\Effect.h">
      <Filter>Header Files</Filter>
    </ClInclude>
    <ClInclude Include="Effects\ReverberationEffect.h">
      <Filter>Header Files</Filter>
    </ClInclude>
    <ClInclude Include="Holders\Holder.h">
      <Filter>Header Files</Filter>
    </ClInclude>
    <ClInclude Include="Holders\RAWHolder.h">
      <Filter>Header Files</Filter>
    </ClInclude>
    <ClInclude Include="Holders\WAVHolder.h">
      <Filter>Header Files</Filter>
    </ClInclude>
    <ClInclude Include="DSP.h">
      <Filter>Header Files</Filter>
    </ClInclude>
    <ClInclude Include="Headers.h">
      <Filter>Header Files</Filter>
    </ClInclude>
    <ClInclude Include="SoundEffectApp.h">
      <Filter>Header Files</Filter>
    </ClInclude>
    <ClInclude Include="Circuit\Circuit.h">
      <Filter>Header Files</Filter>
    </ClInclude>
    <ClInclude Include="Effects\Effects.h">
      <Filter>Header Files</Filter>
    </ClInclude>
    <ClInclude Include="Holders\Holders.h">
      <Filter>Header Files</Filter>
    </ClInclude>
    <ClInclude Include="Elements\Filters\AllPassFilter.h">
      <Filter>Header Files</Filter>
    </ClInclude>
    <ClInclude Include="Elements\Filters\Filters.h">
      <Filter>Header Files</Filter>
    </ClInclude>
    <ClInclude Include="Elements\Filters\FIRFilter.h">
      <Filter>Header Files</Filter>
    </ClInclude>
    <ClInclude Include="Elements\Elements.h">
      <Filter>Header Files</Filter>
    </ClInclude>
    <ClInclude Include="Elements\Delay.h">
      <Filter>Header Files</Filter>
    </ClInclude>
    <ClInclude Include="Elements\Element.h">
      <Filter>Header Files</Filter>
    </ClInclude>
    <ClInclude Include="SoundGenerator\SoundGenerator.h">
      <Filter>Header Files</Filter>
    </ClInclude>
    <ClInclude Include="InProgramConsole\ConsoleCommands.h">
      <Filter>Header Files</Filter>
    </ClInclude>
    <ClInclude Include="InProgramConsole\Compiled.h">
      <Filter>Header Files</Filter>
    </ClInclude>
    <ClInclude Include="HolderConstructionException.h">
      <Filter>Header Files</Filter>
    </ClInclude>
  </ItemGroup>
  <ItemGroup>
    <ClCompile Include="Effects\ReverberationEffect.cpp">
      <Filter>Source Files</Filter>
    </ClCompile>
    <ClCompile Include="Holders\RAWHolder.cpp">
      <Filter>Source Files</Filter>
    </ClCompile>
    <ClCompile Include="Holders\WAVHolder.cpp">
      <Filter>Source Files</Filter>
    </ClCompile>
    <ClCompile Include="DSP.cpp">
      <Filter>Source Files</Filter>
    </ClCompile>
    <ClCompile Include="SoundEffectApp.cpp">
      <Filter>Source Files</Filter>
    </ClCompile>
    <ClCompile Include="Source.cpp">
      <Filter>Source Files</Filter>
    </ClCompile>
    <ClCompile Include="Circuit\Circuit.cpp">
      <Filter>Source Files</Filter>
    </ClCompile>
    <ClCompile Include="Elements\Filters\AllPassFilter.cpp">
      <Filter>Source Files</Filter>
    </ClCompile>
    <ClCompile Include="Elements\Filters\FIRFilter.cpp">
      <Filter>Source Files</Filter>
    </ClCompile>
    <ClCompile Include="Elements\Delay.cpp">
      <Filter>Source Files</Filter>
    </ClCompile>
    <ClCompile Include="SoundGenerator\SoundGenerator.cpp">
      <Filter>Source Files</Filter>
    </ClCompile>
    <ClCompile Include="InProgramConsole\ConsoleCommands.cpp">
      <Filter>Source Files</Filter>
    </ClCompile>
    <ClCompile Include="HolderConstructionException.cpp">
      <Filter>Source Files</Filter>
    </ClCompile>
  </ItemGroup>
  <ItemGroup>
    <Text Include="Resources\Commands.txt" />
  </ItemGroup>
</Project>